
Microsoft Visual Studio Solution File, Format Version 12.00
# Visual Studio Version 17
VisualStudioVersion = 17.6.33815.320
MinimumVisualStudioVersion = 10.0.40219.1
Project("{FAE04EC0-301F-11D3-BF4B-00C04F79EFBC}") = "PeliculasDB", "PeliculasDB\PeliculasDB.csproj", "{48057630-56DA-49E7-BD5F-66D2D7C393EE}"
EndProject
Global
	GlobalSection(SolutionConfigurationPlatforms) = preSolution
		Debug|Any CPU = Debug|Any CPU
		Release|Any CPU = Release|Any CPU
	EndGlobalSection
	GlobalSection(ProjectConfigurationPlatforms) = postSolution
		{48057630-56DA-49E7-BD5F-66D2D7C393EE}.Debug|Any CPU.ActiveCfg = Debug|Any CPU
		{48057630-56DA-49E7-BD5F-66D2D7C393EE}.Debug|Any CPU.Build.0 = Debug|Any CPU
		{48057630-56DA-49E7-BD5F-66D2D7C393EE}.Release|Any CPU.ActiveCfg = Release|Any CPU
		{48057630-56DA-49E7-BD5F-66D2D7C393EE}.Release|Any CPU.Build.0 = Release|Any CPU
	EndGlobalSection
	GlobalSection(SolutionProperties) = preSolution
		HideSolutionNode = FALSE
	EndGlobalSection
	GlobalSection(ExtensibilityGlobals) = postSolution
		SolutionGuid = {81A482DD-E9E0-48CB-A836-8C5B9C4CC3B8}
	EndGlobalSection
EndGlobal
